
Microsoft Visual Studio Solution File, Format Version 12.00
# Visual Studio Version 16
VisualStudioVersion = 16.0.30907.101
MinimumVisualStudioVersion = 10.0.40219.1
Project("{FAE04EC0-301F-11D3-BF4B-00C04F79EFBC}") = "BookStoreApplication", "BookStoreApplication\BookStoreApplication.csproj", "{39F6BB4A-60AB-4B31-867F-C89E18B17272}"
EndProject
Project("{FAE04EC0-301F-11D3-BF4B-00C04F79EFBC}") = "BookStoreModelLayer", "BookStoreModelLayer\BookStoreModelLayer.csproj", "{1A9ADA62-4E40-4E91-B07D-B1F4C9AB28A8}"
EndProject
Project("{FAE04EC0-301F-11D3-BF4B-00C04F79EFBC}") = "BookStoreBusinessLayer", "BookStoreBusinessLayer\BookStoreBusinessLayer.csproj", "{9F426F77-0666-4944-95D9-876694ECC5ED}"
EndProject
Project("{FAE04EC0-301F-11D3-BF4B-00C04F79EFBC}") = "BookStoreRepositoryLayer", "BookStoreRepositoryLayer\BookStoreRepositoryLayer.csproj", "{82E4E14E-7DCD-462A-9F64-A78E7285FE63}"
EndProject
Global
	GlobalSection(SolutionConfigurationPlatforms) = preSolution
		Debug|Any CPU = Debug|Any CPU
		Release|Any CPU = Release|Any CPU
	EndGlobalSection
	GlobalSection(ProjectConfigurationPlatforms) = postSolution
		{39F6BB4A-60AB-4B31-867F-C89E18B17272}.Debug|Any CPU.ActiveCfg = Debug|Any CPU
		{39F6BB4A-60AB-4B31-867F-C89E18B17272}.Debug|Any CPU.Build.0 = Debug|Any CPU
		{39F6BB4A-60AB-4B31-867F-C89E18B17272}.Release|Any CPU.ActiveCfg = Release|Any CPU
		{39F6BB4A-60AB-4B31-867F-C89E18B17272}.Release|Any CPU.Build.0 = Release|Any CPU
		{1A9ADA62-4E40-4E91-B07D-B1F4C9AB28A8}.Debug|Any CPU.ActiveCfg = Debug|Any CPU
		{1A9ADA62-4E40-4E91-B07D-B1F4C9AB28A8}.Debug|Any CPU.Build.0 = Debug|Any CPU
		{1A9ADA62-4E40-4E91-B07D-B1F4C9AB28A8}.Release|Any CPU.ActiveCfg = Release|Any CPU
		{1A9ADA62-4E40-4E91-B07D-B1F4C9AB28A8}.Release|Any CPU.Build.0 = Release|Any CPU
		{9F426F77-0666-4944-95D9-876694ECC5ED}.Debug|Any CPU.ActiveCfg = Debug|Any CPU
		{9F426F77-0666-4944-95D9-876694ECC5ED}.Debug|Any CPU.Build.0 = Debug|Any CPU
		{9F426F77-0666-4944-95D9-876694ECC5ED}.Release|Any CPU.ActiveCfg = Release|Any CPU
		{9F426F77-0666-4944-95D9-876694ECC5ED}.Release|Any CPU.Build.0 = Release|Any CPU
		{82E4E14E-7DCD-462A-9F64-A78E7285FE63}.Debug|Any CPU.ActiveCfg = Debug|Any CPU
		{82E4E14E-7DCD-462A-9F64-A78E7285FE63}.Debug|Any CPU.Build.0 = Debug|Any CPU
		{82E4E14E-7DCD-462A-9F64-A78E7285FE63}.Release|Any CPU.ActiveCfg = Release|Any CPU
		{82E4E14E-7DCD-462A-9F64-A78E7285FE63}.Release|Any CPU.Build.0 = Release|Any CPU
	EndGlobalSection
	GlobalSection(SolutionProperties) = preSolution
		HideSolutionNode = FALSE
	EndGlobalSection
	GlobalSection(ExtensibilityGlobals) = postSolution
		SolutionGuid = {9F68674F-BC72-4B88-B16E-338713E96F51}
	EndGlobalSection
EndGlobal
